// !$*UTF8*$!
{
	archiveVersion = 1;
	classes = {
	};
	objectVersion = 51;
	objects = {

/* Begin PBXBuildFile section */
		30115EBE2351132E007090F5 /* AppDelegate.swift in Sources */ = {isa = PBXBuildFile; fileRef = 30115EBD2351132E007090F5 /* AppDelegate.swift */; };
		30115EC723511330007090F5 /* Assets.xcassets in Resources */ = {isa = PBXBuildFile; fileRef = 30115EC623511330007090F5 /* Assets.xcassets */; };
		30115ECA23511330007090F5 /* LaunchScreen.storyboard in Resources */ = {isa = PBXBuildFile; fileRef = 30115EC823511330007090F5 /* LaunchScreen.storyboard */; };
		30115ED523512DEB007090F5 /* HomeController.swift in Sources */ = {isa = PBXBuildFile; fileRef = 30115ED423512DEB007090F5 /* HomeController.swift */; };
		302C025F2388888C004E797E /* User.swift in Sources */ = {isa = PBXBuildFile; fileRef = 302C025E2388888C004E797E /* User.swift */; };
		3077FED02391A47E004B00A8 /* HomeDatasourceController+NavBar.swift in Sources */ = {isa = PBXBuildFile; fileRef = 3077FECF2391A47E004B00A8 /* HomeDatasourceController+NavBar.swift */; };
		30A77173238990550042E1E7 /* UserCell.swift in Sources */ = {isa = PBXBuildFile; fileRef = 30A77172238990550042E1E7 /* UserCell.swift */; };
		30BFA632239BA5A500F0FCC0 /* TweetCell.swift in Sources */ = {isa = PBXBuildFile; fileRef = 30BFA631239BA5A500F0FCC0 /* TweetCell.swift */; };
		30D7BCB4235509D600192363 /* HomeDatasourceController.swift in Sources */ = {isa = PBXBuildFile; fileRef = 30D7BCB3235509D600192363 /* HomeDatasourceController.swift */; };
		30D7BCB92355159300192363 /* UserHeaderFooter.swift in Sources */ = {isa = PBXBuildFile; fileRef = 30D7BCB82355159300192363 /* UserHeaderFooter.swift */; };
		30D7BCBB235515CD00192363 /* HomeDatasource.swift in Sources */ = {isa = PBXBuildFile; fileRef = 30D7BCBA235515CD00192363 /* HomeDatasource.swift */; };
		E78EFDE1625B748BCC1C79C7 /* Pods_TwitterLBTA.framework in Frameworks */ = {isa = PBXBuildFile; fileRef = 72A23DF37452955AE18153BE /* Pods_TwitterLBTA.framework */; };
/* End PBXBuildFile section */

/* Begin PBXFileReference section */
		30115EBA2351132E007090F5 /* TwitterLBTA.app */ = {isa = PBXFileReference; explicitFileType = wrapper.application; includeInIndex = 0; path = TwitterLBTA.app; sourceTree = BUILT_PRODUCTS_DIR; };
		30115EBD2351132E007090F5 /* AppDelegate.swift */ = {isa = PBXFileReference; lastKnownFileType = sourcecode.swift; path = AppDelegate.swift; sourceTree = "<group>"; };
		30115EC623511330007090F5 /* Assets.xcassets */ = {isa = PBXFileReference; lastKnownFileType = folder.assetcatalog; path = Assets.xcassets; sourceTree = "<group>"; };
		30115EC923511330007090F5 /* Base */ = {isa = PBXFileReference; lastKnownFileType = file.storyboard; name = Base; path = Base.lproj/LaunchScreen.storyboard; sourceTree = "<group>"; };
		30115ECB23511330007090F5 /* Info.plist */ = {isa = PBXFileReference; lastKnownFileType = text.plist.xml; path = Info.plist; sourceTree = "<group>"; };
		30115ED423512DEB007090F5 /* HomeController.swift */ = {isa = PBXFileReference; lastKnownFileType = sourcecode.swift; path = HomeController.swift; sourceTree = "<group>"; };
		302C025E2388888C004E797E /* User.swift */ = {isa = PBXFileReference; lastKnownFileType = sourcecode.swift; path = User.swift; sourceTree = "<group>"; };
		3077FECF2391A47E004B00A8 /* HomeDatasourceController+NavBar.swift */ = {isa = PBXFileReference; lastKnownFileType = sourcecode.swift; path = "HomeDatasourceController+NavBar.swift"; sourceTree = "<group>"; };
		30A77172238990550042E1E7 /* UserCell.swift */ = {isa = PBXFileReference; lastKnownFileType = sourcecode.swift; path = UserCell.swift; sourceTree = "<group>"; };
		30BFA631239BA5A500F0FCC0 /* TweetCell.swift */ = {isa = PBXFileReference; lastKnownFileType = sourcecode.swift; path = TweetCell.swift; sourceTree = "<group>"; };
		30D7BCB3235509D600192363 /* HomeDatasourceController.swift */ = {isa = PBXFileReference; lastKnownFileType = sourcecode.swift; path = HomeDatasourceController.swift; sourceTree = "<group>"; };
		30D7BCB82355159300192363 /* UserHeaderFooter.swift */ = {isa = PBXFileReference; lastKnownFileType = sourcecode.swift; path = UserHeaderFooter.swift; sourceTree = "<group>"; };
		30D7BCBA235515CD00192363 /* HomeDatasource.swift */ = {isa = PBXFileReference; lastKnownFileType = sourcecode.swift; path = HomeDatasource.swift; sourceTree = "<group>"; };
		4C1AFCEF4F447C5549F0A8D5 /* Pods-TwitterLBTA.release.xcconfig */ = {isa = PBXFileReference; includeInIndex = 1; lastKnownFileType = text.xcconfig; name = "Pods-TwitterLBTA.release.xcconfig"; path = "Target Support Files/Pods-TwitterLBTA/Pods-TwitterLBTA.release.xcconfig"; sourceTree = "<group>"; };
		72A23DF37452955AE18153BE /* Pods_TwitterLBTA.framework */ = {isa = PBXFileReference; explicitFileType = wrapper.framework; includeInIndex = 0; path = Pods_TwitterLBTA.framework; sourceTree = BUILT_PRODUCTS_DIR; };
		A4CF90A848197E0ADFE910E6 /* Pods-TwitterLBTA.debug.xcconfig */ = {isa = PBXFileReference; includeInIndex = 1; lastKnownFileType = text.xcconfig; name = "Pods-TwitterLBTA.debug.xcconfig"; path = "Target Support Files/Pods-TwitterLBTA/Pods-TwitterLBTA.debug.xcconfig"; sourceTree = "<group>"; };
/* End PBXFileReference section */

/* Begin PBXFrameworksBuildPhase section */
		30115EB72351132E007090F5 /* Frameworks */ = {
			isa = PBXFrameworksBuildPhase;
			buildActionMask = 2147483647;
			files = (
				E78EFDE1625B748BCC1C79C7 /* Pods_TwitterLBTA.framework in Frameworks */,
			);
			runOnlyForDeploymentPostprocessing = 0;
		};
/* End PBXFrameworksBuildPhase section */

/* Begin PBXGroup section */
		0DE6F14C69EC048A684367BD /* Frameworks */ = {
			isa = PBXGroup;
			children = (
				72A23DF37452955AE18153BE /* Pods_TwitterLBTA.framework */,
			);
			name = Frameworks;
			sourceTree = "<group>";
		};
		30115EB12351132E007090F5 = {
			isa = PBXGroup;
			children = (
				30115EBC2351132E007090F5 /* TwitterLBTA */,
				30115EBB2351132E007090F5 /* Products */,
				CF57C30E32735216A25945B1 /* Pods */,
				0DE6F14C69EC048A684367BD /* Frameworks */,
			);
			sourceTree = "<group>";
		};
		30115EBB2351132E007090F5 /* Products */ = {
			isa = PBXGroup;
			children = (
				30115EBA2351132E007090F5 /* TwitterLBTA.app */,
			);
			name = Products;
			sourceTree = "<group>";
		};
		30115EBC2351132E007090F5 /* TwitterLBTA */ = {
			isa = PBXGroup;
			children = (
				30D7BCB72355156D00192363 /* Model */,
				30D7BCB62355156400192363 /* View */,
				30D7BCB52355155A00192363 /* Controller */,
				30115ED123511368007090F5 /* Supporting Files */,
				30115ECB23511330007090F5 /* Info.plist */,
				30115ED423512DEB007090F5 /* HomeController.swift */,
			);
			path = TwitterLBTA;
			sourceTree = "<group>";
		};
		30115ED123511368007090F5 /* Supporting Files */ = {
			isa = PBXGroup;
			children = (
				30115EBD2351132E007090F5 /* AppDelegate.swift */,
				30115EC623511330007090F5 /* Assets.xcassets */,
				30115EC823511330007090F5 /* LaunchScreen.storyboard */,
			);
			path = "Supporting Files";
			sourceTree = "<group>";
		};
		30D7BCB52355155A00192363 /* Controller */ = {
			isa = PBXGroup;
			children = (
				30D7BCB3235509D600192363 /* HomeDatasourceController.swift */,
				3077FECF2391A47E004B00A8 /* HomeDatasourceController+NavBar.swift */,
			);
			path = Controller;
			sourceTree = "<group>";
		};
		30D7BCB62355156400192363 /* View */ = {
			isa = PBXGroup;
			children = (
				30D7BCB82355159300192363 /* UserHeaderFooter.swift */,
				30A77172238990550042E1E7 /* UserCell.swift */,
				30BFA631239BA5A500F0FCC0 /* TweetCell.swift */,
			);
			path = View;
			sourceTree = "<group>";
		};
		30D7BCB72355156D00192363 /* Model */ = {
			isa = PBXGroup;
			children = (
				302C025E2388888C004E797E /* User.swift */,
				30D7BCBA235515CD00192363 /* HomeDatasource.swift */,
			);
			path = Model;
			sourceTree = "<group>";
		};
		CF57C30E32735216A25945B1 /* Pods */ = {
			isa = PBXGroup;
			children = (
				A4CF90A848197E0ADFE910E6 /* Pods-TwitterLBTA.debug.xcconfig */,
				4C1AFCEF4F447C5549F0A8D5 /* Pods-TwitterLBTA.release.xcconfig */,
			);
			path = Pods;
			sourceTree = "<group>";
		};
/* End PBXGroup section */

/* Begin PBXNativeTarget section */
		30115EB92351132E007090F5 /* TwitterLBTA */ = {
			isa = PBXNativeTarget;
			buildConfigurationList = 30115ECE23511330007090F5 /* Build configuration list for PBXNativeTarget "TwitterLBTA" */;
			buildPhases = (
				78F1F5FBA3A97FCD57E9B6E0 /* [CP] Check Pods Manifest.lock */,
				30115EB62351132E007090F5 /* Sources */,
				30115EB72351132E007090F5 /* Frameworks */,
				30115EB82351132E007090F5 /* Resources */,
				96BF863C92D44A2546A09FF9 /* [CP] Embed Pods Frameworks */,
			);
			buildRules = (
			);
			dependencies = (
			);
			name = TwitterLBTA;
			productName = TwitterLBTA;
			productReference = 30115EBA2351132E007090F5 /* TwitterLBTA.app */;
			productType = "com.apple.product-type.application";
		};
/* End PBXNativeTarget section */

/* Begin PBXProject section */
		30115EB22351132E007090F5 /* Project object */ = {
			isa = PBXProject;
			attributes = {
				LastSwiftUpdateCheck = 1110;
				LastUpgradeCheck = 1110;
				ORGANIZATIONNAME = MIF50;
				TargetAttributes = {
					30115EB92351132E007090F5 = {
						CreatedOnToolsVersion = 11.1;
					};
				};
			};
			buildConfigurationList = 30115EB52351132E007090F5 /* Build configuration list for PBXProject "TwitterLBTA" */;
			compatibilityVersion = "Xcode 9.3";
			developmentRegion = en;
			hasScannedForEncodings = 0;
			knownRegions = (
				en,
				Base,
			);
			mainGroup = 30115EB12351132E007090F5;
			productRefGroup = 30115EBB2351132E007090F5 /* Products */;
			projectDirPath = "";
			projectRoot = "";
			targets = (
				30115EB92351132E007090F5 /* TwitterLBTA */,
			);
		};
/* End PBXProject section */

/* Begin PBXResourcesBuildPhase section */
		30115EB82351132E007090F5 /* Resources */ = {
			isa = PBXResourcesBuildPhase;
			buildActionMask = 2147483647;
			files = (
				30115ECA23511330007090F5 /* LaunchScreen.storyboard in Resources */,
				30115EC723511330007090F5 /* Assets.xcassets in Resources */,
			);
			runOnlyForDeploymentPostprocessing = 0;
		};
/* End PBXResourcesBuildPhase section */

/* Begin PBXShellScriptBuildPhase section */
		78F1F5FBA3A97FCD57E9B6E0 /* [CP] Check Pods Manifest.lock */ = {
			isa = PBXShellScriptBuildPhase;
			buildActionMask = 2147483647;
			files = (
			);
			inputFileListPaths = (
			);
			inputPaths = (
				"${PODS_PODFILE_DIR_PATH}/Podfile.lock",
				"${PODS_ROOT}/Manifest.lock",
			);
			name = "[CP] Check Pods Manifest.lock";
			outputFileListPaths = (
			);
			outputPaths = (
				"$(DERIVED_FILE_DIR)/Pods-TwitterLBTA-checkManifestLockResult.txt",
			);
			runOnlyForDeploymentPostprocessing = 0;
			shellPath = /bin/sh;
			shellScript = "diff \"${PODS_PODFILE_DIR_PATH}/Podfile.lock\" \"${PODS_ROOT}/Manifest.lock\" > /dev/null\nif [ $? != 0 ] ; then\n    # print error to STDERR\n    echo \"error: The sandbox is not in sync with the Podfile.lock. Run 'pod install' or update your CocoaPods installation.\" >&2\n    exit 1\nfi\n# This output is used by Xcode 'outputs' to avoid re-running this script phase.\necho \"SUCCESS\" > \"${SCRIPT_OUTPUT_FILE_0}\"\n";
			showEnvVarsInLog = 0;
		};
		96BF863C92D44A2546A09FF9 /* [CP] Embed Pods Frameworks */ = {
			isa = PBXShellScriptBuildPhase;
			buildActionMask = 2147483647;
			files = (
			);
			inputFileListPaths = (
				"${PODS_ROOT}/Target Support Files/Pods-TwitterLBTA/Pods-TwitterLBTA-frameworks-${CONFIGURATION}-input-files.xcfilelist",
			);
			name = "[CP] Embed Pods Frameworks";
			outputFileListPaths = (
				"${PODS_ROOT}/Target Support Files/Pods-TwitterLBTA/Pods-TwitterLBTA-frameworks-${CONFIGURATION}-output-files.xcfilelist",
			);
			runOnlyForDeploymentPostprocessing = 0;
			shellPath = /bin/sh;
			shellScript = "\"${PODS_ROOT}/Target Support Files/Pods-TwitterLBTA/Pods-TwitterLBTA-frameworks.sh\"\n";
			showEnvVarsInLog = 0;
		};
/* End PBXShellScriptBuildPhase section */

/* Begin PBXSourcesBuildPhase section */
		30115EB62351132E007090F5 /* Sources */ = {
			isa = PBXSourcesBuildPhase;
			buildActionMask = 2147483647;
			files = (
				30D7BCBB235515CD00192363 /* HomeDatasource.swift in Sources */,
				30115EBE2351132E007090F5 /* AppDelegate.swift in Sources */,
				302C025F2388888C004E797E /* User.swift in Sources */,
				30BFA632239BA5A500F0FCC0 /* TweetCell.swift in Sources */,
				30D7BCB92355159300192363 /* UserHeaderFooter.swift in Sources */,
				30D7BCB4235509D600192363 /* HomeDatasourceController.swift in Sources */,
				3077FED02391A47E004B00A8 /* HomeDatasourceController+NavBar.swift in Sources */,
				30115ED523512DEB007090F5 /* HomeController.swift in Sources */,
				30A77173238990550042E1E7 /* UserCell.swift in Sources */,
			);
			runOnlyForDeploymentPostprocessing = 0;
		};
/* End PBXSourcesBuildPhase section */

/* Begin PBXVariantGroup section */
		30115EC823511330007090F5 /* LaunchScreen.storyboard */ = {
			isa = PBXVariantGroup;
			children = (
				30115EC923511330007090F5 /* Base */,
			);
			name = LaunchScreen.storyboard;
			sourceTree = "<group>";
		};
/* End PBXVariantGroup section */

/* Begin XCBuildConfiguration section */
		30115ECC23511330007090F5 /* Debug */ = {
			isa = XCBuildConfiguration;
			buildSettings = {
				ALWAYS_SEARCH_USER_PATHS = NO;
				CLANG_ANALYZER_NONNULL = YES;
				CLANG_ANALYZER_NUMBER_OBJECT_CONVERSION = YES_AGGRESSIVE;
				CLANG_CXX_LANGUAGE_STANDARD = "gnu++14";
				CLANG_CXX_LIBRARY = "libc++";
				CLANG_ENABLE_MODULES = YES;
				CLANG_ENABLE_OBJC_ARC = YES;
				CLANG_ENABLE_OBJC_WEAK = YES;
				CLANG_WARN_BLOCK_CAPTURE_AUTORELEASING = YES;
				CLANG_WARN_BOOL_CONVERSION = YES;
				CLANG_WARN_COMMA = YES;
				CLANG_WARN_CONSTANT_CONVERSION = YES;
				CLANG_WARN_DEPRECATED_OBJC_IMPLEMENTATIONS = YES;
				CLANG_WARN_DIRECT_OBJC_ISA_USAGE = YES_ERROR;
				CLANG_WARN_DOCUMENTATION_COMMENTS = YES;
				CLANG_WARN_EMPTY_BODY = YES;
				CLANG_WARN_ENUM_CONVERSION = YES;
				CLANG_WARN_INFINITE_RECURSION = YES;
				CLANG_WARN_INT_CONVERSION = YES;
				CLANG_WARN_NON_LITERAL_NULL_CONVERSION = YES;
				CLANG_WARN_OBJC_IMPLICIT_RETAIN_SELF = YES;
				CLANG_WARN_OBJC_LITERAL_CONVERSION = YES;
				CLANG_WARN_OBJC_ROOT_CLASS = YES_ERROR;
				CLANG_WARN_RANGE_LOOP_ANALYSIS = YES;
				CLANG_WARN_STRICT_PROTOTYPES = YES;
				CLANG_WARN_SUSPICIOUS_MOVE = YES;
				CLANG_WARN_UNGUARDED_AVAILABILITY = YES_AGGRESSIVE;
				CLANG_WARN_UNREACHABLE_CODE = YES;
				CLANG_WARN__DUPLICATE_METHOD_MATCH = YES;
				COPY_PHASE_STRIP = NO;
				DEBUG_INFORMATION_FORMAT = dwarf;
				ENABLE_STRICT_OBJC_MSGSEND = YES;
				ENABLE_TESTABILITY = YES;
				GCC_C_LANGUAGE_STANDARD = gnu11;
				GCC_DYNAMIC_NO_PIC = NO;
				GCC_NO_COMMON_BLOCKS = YES;
				GCC_OPTIMIZATION_LEVEL = 0;
				GCC_PREPROCESSOR_DEFINITIONS = (
					"DEBUG=1",
					"$(inherited)",
				);
				GCC_WARN_64_TO_32_BIT_CONVERSION = YES;
				GCC_WARN_ABOUT_RETURN_TYPE = YES_ERROR;
				GCC_WARN_UNDECLARED_SELECTOR = YES;
				GCC_WARN_UNINITIALIZED_AUTOS = YES_AGGRESSIVE;
				GCC_WARN_UNUSED_FUNCTION = YES;
				GCC_WARN_UNUSED_VARIABLE = YES;
				IPHONEOS_DEPLOYMENT_TARGET = 13.1;
				MTL_ENABLE_DEBUG_INFO = INCLUDE_SOURCE;
				MTL_FAST_MATH = YES;
				ONLY_ACTIVE_ARCH = YES;
				SDKROOT = iphoneos;
				SWIFT_ACTIVE_COMPILATION_CONDITIONS = DEBUG;
				SWIFT_OPTIMIZATION_LEVEL = "-Onone";
			};
			name = Debug;
		};
		30115ECD23511330007090F5 /* Release */ = {
			isa = XCBuildConfiguration;
			buildSettings = {
				ALWAYS_SEARCH_USER_PATHS = NO;
				CLANG_ANALYZER_NONNULL = YES;
				CLANG_ANALYZER_NUMBER_OBJECT_CONVERSION = YES_AGGRESSIVE;
				CLANG_CXX_LANGUAGE_STANDARD = "gnu++14";
				CLANG_CXX_LIBRARY = "libc++";
				CLANG_ENABLE_MODULES = YES;
				CLANG_ENABLE_OBJC_ARC = YES;
				CLANG_ENABLE_OBJC_WEAK = YES;
				CLANG_WARN_BLOCK_CAPTURE_AUTORELEASING = YES;
				CLANG_WARN_BOOL_CONVERSION = YES;
				CLANG_WARN_COMMA = YES;
				CLANG_WARN_CONSTANT_CONVERSION = YES;
				CLANG_WARN_DEPRECATED_OBJC_IMPLEMENTATIONS = YES;
				CLANG_WARN_DIRECT_OBJC_ISA_USAGE = YES_ERROR;
				CLANG_WARN_DOCUMENTATION_COMMENTS = YES;
				CLANG_WARN_EMPTY_BODY = YES;
				CLANG_WARN_ENUM_CONVERSION = YES;
				CLANG_WARN_INFINITE_RECURSION = YES;
				CLANG_WARN_INT_CONVERSION = YES;
				CLANG_WARN_NON_LITERAL_NULL_CONVERSION = YES;
				CLANG_WARN_OBJC_IMPLICIT_RETAIN_SELF = YES;
				CLANG_WARN_OBJC_LITERAL_CONVERSION = YES;
				CLANG_WARN_OBJC_ROOT_CLASS = YES_ERROR;
				CLANG_WARN_RANGE_LOOP_ANALYSIS = YES;
				CLANG_WARN_STRICT_PROTOTYPES = YES;
				CLANG_WARN_SUSPICIOUS_MOVE = YES;
				CLANG_WARN_UNGUARDED_AVAILABILITY = YES_AGGRESSIVE;
				CLANG_WARN_UNREACHABLE_CODE = YES;
				CLANG_WARN__DUPLICATE_METHOD_MATCH = YES;
				COPY_PHASE_STRIP = NO;
				DEBUG_INFORMATION_FORMAT = "dwarf-with-dsym";
				ENABLE_NS_ASSERTIONS = NO;
				ENABLE_STRICT_OBJC_MSGSEND = YES;
				GCC_C_LANGUAGE_STANDARD = gnu11;
				GCC_NO_COMMON_BLOCKS = YES;
				GCC_WARN_64_TO_32_BIT_CONVERSION = YES;
				GCC_WARN_ABOUT_RETURN_TYPE = YES_ERROR;
				GCC_WARN_UNDECLARED_SELECTOR = YES;
				GCC_WARN_UNINITIALIZED_AUTOS = YES_AGGRESSIVE;
				GCC_WARN_UNUSED_FUNCTION = YES;
				GCC_WARN_UNUSED_VARIABLE = YES;
				IPHONEOS_DEPLOYMENT_TARGET = 13.1;
				MTL_ENABLE_DEBUG_INFO = NO;
				MTL_FAST_MATH = YES;
				SDKROOT = iphoneos;
				SWIFT_COMPILATION_MODE = wholemodule;
				SWIFT_OPTIMIZATION_LEVEL = "-O";
				VALIDATE_PRODUCT = YES;
			};
			name = Release;
		};
		30115ECF23511330007090F5 /* Debug */ = {
			isa = XCBuildConfiguration;
			baseConfigurationReference = A4CF90A848197E0ADFE910E6 /* Pods-TwitterLBTA.debug.xcconfig */;
			buildSettings = {
				ASSETCATALOG_COMPILER_APPICON_NAME = AppIcon;
				CODE_SIGN_STYLE = Automatic;
				DEVELOPMENT_TEAM = GK4GDX3M3T;
				INFOPLIST_FILE = TwitterLBTA/Info.plist;
				LD_RUNPATH_SEARCH_PATHS = (
					"$(inherited)",
					"@executable_path/Frameworks",
				);
				PRODUCT_BUNDLE_IDENTIFIER = com.MIF50.TwitterLBTA;
				PRODUCT_NAME = "$(TARGET_NAME)";
				SWIFT_VERSION = 5.0;
				TARGETED_DEVICE_FAMILY = "1,2";
			};
			name = Debug;
		};
		30115ED023511330007090F5 /* Release */ = {
			isa = XCBuildConfiguration;
			baseConfigurationReference = 4C1AFCEF4F447C5549F0A8D5 /* Pods-TwitterLBTA.release.xcconfig */;
			buildSettings = {
				ASSETCATALOG_COMPILER_APPICON_NAME = AppIcon;
				CODE_SIGN_STYLE = Automatic;
				DEVELOPMENT_TEAM = GK4GDX3M3T;
				INFOPLIST_FILE = TwitterLBTA/Info.plist;
				LD_RUNPATH_SEARCH_PATHS = (
					"$(inherited)",
					"@executable_path/Frameworks",
				);
				PRODUCT_BUNDLE_IDENTIFIER = com.MIF50.TwitterLBTA;
				PRODUCT_NAME = "$(TARGET_NAME)";
				SWIFT_VERSION = 5.0;
				TARGETED_DEVICE_FAMILY = "1,2";
			};
			name = Release;
		};
/* End XCBuildConfiguration section */

/* Begin XCConfigurationList section */
		30115EB52351132E007090F5 /* Build configuration list for PBXProject "TwitterLBTA" */ = {
			isa = XCConfigurationList;
			buildConfigurations = (
				30115ECC23511330007090F5 /* Debug */,
				30115ECD23511330007090F5 /* Release */,
			);
			defaultConfigurationIsVisible = 0;
			defaultConfigurationName = Release;
		};
		30115ECE23511330007090F5 /* Build configuration list for PBXNativeTarget "TwitterLBTA" */ = {
			isa = XCConfigurationList;
			buildConfigurations = (
				30115ECF23511330007090F5 /* Debug */,
				30115ED023511330007090F5 /* Release */,
			);
			defaultConfigurationIsVisible = 0;
			defaultConfigurationName = Release;
		};
/* End XCConfigurationList section */
	};
	rootObject = 30115EB22351132E007090F5 /* Project object */;
}
